set_global_assignment -name FAMILY "Cyclone V"
set_global_assignment -name DEVICE 5CSEBA6U23I7
set_global_assignment -name TOP_LEVEL_ENTITY de10nano_top
set_global_assignment -name PROJECT_OUTPUT_DIRECTORY output_files
set_global_assignment -name NUM_PARALLEL_PROCESSORS ALL

# Metastability: specify the pix->50m toggle synchronizer so the STA
# metastability report computes MTBF. The 2026-09-25 run found the chain but
# calculated nothing ("no specified synchronizers"); the syncthreads
# attribute is Synplify's and Quartus ignores it.
set_instance_assignment -name SYNCHRONIZER_IDENTIFICATION FORCED -to "tgl_sync[1]"
set_instance_assignment -name SYNCHRONIZATION_REGISTER_CHAIN_LENGTH 2 -to "tgl_sync[1]"
set_instance_assignment -name SYNCHRONIZER_IDENTIFICATION FORCED -to "u_sync_rst_pix|d[1]"
set_instance_assignment -name SYNCHRONIZATION_REGISTER_CHAIN_LENGTH 2 -to "u_sync_rst_pix|d[1]"

# Source files
set_global_assignment -name SYSTEMVERILOG_FILE rtl/apu_pkg.sv
set_global_assignment -name SYSTEMVERILOG_FILE rtl/gfx/apu_vga_timing.sv
set_global_assignment -name SYSTEMVERILOG_FILE rtl/gfx/apu_cordic.sv
set_global_assignment -name SYSTEMVERILOG_FILE rtl/gfx/apu_colorbars.sv
set_global_assignment -name SYSTEMVERILOG_FILE rtl/gfx/apu_plasma.sv
set_global_assignment -name SYSTEMVERILOG_FILE rtl/gfx/apu_top.sv
set_global_assignment -name SYSTEMVERILOG_FILE rtl/sys/i2c_controller.sv
set_global_assignment -name SYSTEMVERILOG_FILE rtl/sys/adv7513_config.sv
set_global_assignment -name SYSTEMVERILOG_FILE rtl/sys/pll_25m.sv
set_global_assignment -name SYSTEMVERILOG_FILE rtl/sys/sync_reset.sv
set_global_assignment -name SYSTEMVERILOG_FILE rtl/sys/de10nano_top.sv

# Timing and pin constraints
set_global_assignment -name SDC_FILE constraints/timing.sdc
source constraints/de10nano_pinout.qsf
